// !$*UTF8*$!
{
	archiveVersion = 1;
	classes = {
	};
	objectVersion = 55;
	objects = {

/* Begin PBXBuildFile section */
		2608E43727FD39500063E059 /* AnswerDetailView.swift in Sources */ = {isa = PBXBuildFile; fileRef = 2608E43627FD39500063E059 /* AnswerDetailView.swift */; };
		263175C62805211900C13368 /* mentortee.xcdatamodeld in Sources */ = {isa = PBXBuildFile; fileRef = 263175C42805211900C13368 /* mentortee.xcdatamodeld */; };
		263175E72805230000C13368 /* Persistence.swift in Sources */ = {isa = PBXBuildFile; fileRef = 263175E62805230000C13368 /* Persistence.swift */; };
		263175E9280558C200C13368 /* createTestData.swift in Sources */ = {isa = PBXBuildFile; fileRef = 263175E8280558C200C13368 /* createTestData.swift */; };
		263176102805647E00C13368 /* Answer+CoreDataClass.swift in Sources */ = {isa = PBXBuildFile; fileRef = 2631760E2805647E00C13368 /* Answer+CoreDataClass.swift */; };
		263176112805647E00C13368 /* Answer+CoreDataProperties.swift in Sources */ = {isa = PBXBuildFile; fileRef = 2631760F2805647E00C13368 /* Answer+CoreDataProperties.swift */; };
		26317620280564C300C13368 /* User+CoreDataClass.swift in Sources */ = {isa = PBXBuildFile; fileRef = 26317612280564C300C13368 /* User+CoreDataClass.swift */; };
		26317621280564C300C13368 /* User+CoreDataProperties.swift in Sources */ = {isa = PBXBuildFile; fileRef = 26317613280564C300C13368 /* User+CoreDataProperties.swift */; };
		26317622280564C300C13368 /* Category+CoreDataClass.swift in Sources */ = {isa = PBXBuildFile; fileRef = 26317614280564C300C13368 /* Category+CoreDataClass.swift */; };
		26317623280564C300C13368 /* Category+CoreDataProperties.swift in Sources */ = {isa = PBXBuildFile; fileRef = 26317615280564C300C13368 /* Category+CoreDataProperties.swift */; };
		26317624280564C300C13368 /* Question+CoreDataClass.swift in Sources */ = {isa = PBXBuildFile; fileRef = 26317616280564C300C13368 /* Question+CoreDataClass.swift */; };
		26317625280564C300C13368 /* Question+CoreDataProperties.swift in Sources */ = {isa = PBXBuildFile; fileRef = 26317617280564C300C13368 /* Question+CoreDataProperties.swift */; };
		26317626280564C300C13368 /* QuestionCategory+CoreDataClass.swift in Sources */ = {isa = PBXBuildFile; fileRef = 26317618280564C300C13368 /* QuestionCategory+CoreDataClass.swift */; };
		26317627280564C300C13368 /* QuestionCategory+CoreDataProperties.swift in Sources */ = {isa = PBXBuildFile; fileRef = 26317619280564C300C13368 /* QuestionCategory+CoreDataProperties.swift */; };
		26317628280564C300C13368 /* Report+CoreDataClass.swift in Sources */ = {isa = PBXBuildFile; fileRef = 2631761A280564C300C13368 /* Report+CoreDataClass.swift */; };
		26317629280564C300C13368 /* Report+CoreDataProperties.swift in Sources */ = {isa = PBXBuildFile; fileRef = 2631761B280564C300C13368 /* Report+CoreDataProperties.swift */; };
		2631762A280564C300C13368 /* Character+CoreDataClass.swift in Sources */ = {isa = PBXBuildFile; fileRef = 2631761C280564C300C13368 /* Character+CoreDataClass.swift */; };
		2631762B280564C300C13368 /* Character+CoreDataProperties.swift in Sources */ = {isa = PBXBuildFile; fileRef = 2631761D280564C300C13368 /* Character+CoreDataProperties.swift */; };
		2631762C280564C300C13368 /* UserCategory+CoreDataClass.swift in Sources */ = {isa = PBXBuildFile; fileRef = 2631761E280564C300C13368 /* UserCategory+CoreDataClass.swift */; };
		2631762D280564C300C13368 /* UserCategory+CoreDataProperties.swift in Sources */ = {isa = PBXBuildFile; fileRef = 2631761F280564C300C13368 /* UserCategory+CoreDataProperties.swift */; };
		26A1D6782802CA7C002373FB /* AnswerCardView.swift in Sources */ = {isa = PBXBuildFile; fileRef = 26A1D6772802CA7C002373FB /* AnswerCardView.swift */; };
		26A1D67A2802CB3C002373FB /* MyPageView.swift in Sources */ = {isa = PBXBuildFile; fileRef = 26A1D6792802CB3C002373FB /* MyPageView.swift */; };
		26F56B4F27FBEC1B0066C0D1 /* mentorteeApp.swift in Sources */ = {isa = PBXBuildFile; fileRef = 26F56B4E27FBEC1B0066C0D1 /* mentorteeApp.swift */; };
		26F56B5127FBEC1B0066C0D1 /* ContentView.swift in Sources */ = {isa = PBXBuildFile; fileRef = 26F56B5027FBEC1B0066C0D1 /* ContentView.swift */; };
		26F56B5327FBEC1E0066C0D1 /* Assets.xcassets in Resources */ = {isa = PBXBuildFile; fileRef = 26F56B5227FBEC1E0066C0D1 /* Assets.xcassets */; };
		26F56B5627FBEC1E0066C0D1 /* Preview Assets.xcassets in Resources */ = {isa = PBXBuildFile; fileRef = 26F56B5527FBEC1E0066C0D1 /* Preview Assets.xcassets */; };
		275EDE0727FE83CC002D1CA4 /* QuestionCardView.swift in Sources */ = {isa = PBXBuildFile; fileRef = 275EDE0627FE83CC002D1CA4 /* QuestionCardView.swift */; };
		388749672806B3E70005D616 /* MythoughtModalSheet.swift in Sources */ = {isa = PBXBuildFile; fileRef = 388749662806B3E70005D616 /* MythoughtModalSheet.swift */; };
		388809BB2832469800891435 /* CategoryBtnData.swift in Sources */ = {isa = PBXBuildFile; fileRef = 388809BA2832469800891435 /* CategoryBtnData.swift */; };
		38AE0782281A7EE80035EB0C /* QuestionCard.swift in Sources */ = {isa = PBXBuildFile; fileRef = 38AE0781281A7EE80035EB0C /* QuestionCard.swift */; };
		38AE0784281A86D60035EB0C /* QuestionData.swift in Sources */ = {isa = PBXBuildFile; fileRef = 38AE0783281A86D60035EB0C /* QuestionData.swift */; };
		390223DF2805241A008D9C64 /* SettingsView.swift in Sources */ = {isa = PBXBuildFile; fileRef = 390223DE2805241A008D9C64 /* SettingsView.swift */; };
		390469B4281BE00E0085BACA /* TextStyle.swift in Sources */ = {isa = PBXBuildFile; fileRef = 390469B3281BE00E0085BACA /* TextStyle.swift */; };
		3944F76928323A7900A9B02E /* IconName.swift in Sources */ = {isa = PBXBuildFile; fileRef = 3944F76828323A7900A9B02E /* IconName.swift */; };
		3944F76B28323F5300A9B02E /* Images.swift in Sources */ = {isa = PBXBuildFile; fileRef = 3944F76A28323F5300A9B02E /* Images.swift */; };
		3944F76D28324A7F00A9B02E /* TextName.swift in Sources */ = {isa = PBXBuildFile; fileRef = 3944F76C28324A7F00A9B02E /* TextName.swift */; };
		394D105028192A6C00CD538D /* CommentView.swift in Sources */ = {isa = PBXBuildFile; fileRef = 394D104F28192A6C00CD538D /* CommentView.swift */; };
		394D105328192B7E00CD538D /* AnswerData.swift in Sources */ = {isa = PBXBuildFile; fileRef = 394D105228192B7E00CD538D /* AnswerData.swift */; };
		3958848B2834DEFC0006243B /* ViewStyle.swift in Sources */ = {isa = PBXBuildFile; fileRef = 3958848A2834DEFC0006243B /* ViewStyle.swift */; };
		3973A06527FD272F00CDC599 /* MainView.swift in Sources */ = {isa = PBXBuildFile; fileRef = 3973A06427FD272F00CDC599 /* MainView.swift */; };
		399B32FB27FE73BE0005F887 /* ColorData.swift in Sources */ = {isa = PBXBuildFile; fileRef = 399B32FA27FE73BE0005F887 /* ColorData.swift */; };
		39B618D1282A8A6400678A00 /* CategoryData.swift in Sources */ = {isa = PBXBuildFile; fileRef = 39B618D0282A8A6400678A00 /* CategoryData.swift */; };
		39BED12428338D5800DB08F2 /* DateHandler.swift in Sources */ = {isa = PBXBuildFile; fileRef = 39BED12328338D5800DB08F2 /* DateHandler.swift */; };
		7B23C96627FD8D9A00EA7C2E /* QuestionCardDetailView.swift in Sources */ = {isa = PBXBuildFile; fileRef = 7B23C96527FD8D9A00EA7C2E /* QuestionCardDetailView.swift */; };
		7B23C96827FD8E5D00EA7C2E /* QuestionAnswerCard.swift in Sources */ = {isa = PBXBuildFile; fileRef = 7B23C96727FD8E5D00EA7C2E /* QuestionAnswerCard.swift */; };
		A752B59C280034BF00B41987 /* FeedView.swift in Sources */ = {isa = PBXBuildFile; fileRef = A752B59B280034BF00B41987 /* FeedView.swift */; };
		A7D877D827FF2641001257EC /* AnswerModalSheet.swift in Sources */ = {isa = PBXBuildFile; fileRef = A7D877D727FF2641001257EC /* AnswerModalSheet.swift */; };
		A7D877DA27FF70F6001257EC /* KeyboardHandler.swift in Sources */ = {isa = PBXBuildFile; fileRef = A7D877D927FF70F6001257EC /* KeyboardHandler.swift */; };
		A952D08728051F210098DBE8 /* FavoriteCategoryView.swift in Sources */ = {isa = PBXBuildFile; fileRef = A952D08628051F210098DBE8 /* FavoriteCategoryView.swift */; };
		A952D08928051F3D0098DBE8 /* LogInView.swift in Sources */ = {isa = PBXBuildFile; fileRef = A952D08828051F3D0098DBE8 /* LogInView.swift */; };
		A952D08C280520400098DBE8 /* MakingNicknameView.swift in Sources */ = {isa = PBXBuildFile; fileRef = A952D08B280520400098DBE8 /* MakingNicknameView.swift */; };
		A9CFEE5C27FF3AE300EBE12E /* QuestionMakingMain.swift in Sources */ = {isa = PBXBuildFile; fileRef = A9CFEE5B27FF3AE300EBE12E /* QuestionMakingMain.swift */; };
		A9F7C50B27FE664000052F36 /* QuestionSub1.swift in Sources */ = {isa = PBXBuildFile; fileRef = A9F7C50A27FE664000052F36 /* QuestionSub1.swift */; };
		A9F7C50D27FE665F00052F36 /* QuestionSub2.swift in Sources */ = {isa = PBXBuildFile; fileRef = A9F7C50C27FE665F00052F36 /* QuestionSub2.swift */; };
/* End PBXBuildFile section */

/* Begin PBXFileReference section */
		2608E43627FD39500063E059 /* AnswerDetailView.swift */ = {isa = PBXFileReference; lastKnownFileType = sourcecode.swift; path = AnswerDetailView.swift; sourceTree = "<group>"; };
		263175C52805211900C13368 /* Test.xcdatamodel */ = {isa = PBXFileReference; lastKnownFileType = wrapper.xcdatamodel; path = Test.xcdatamodel; sourceTree = "<group>"; };
		263175E62805230000C13368 /* Persistence.swift */ = {isa = PBXFileReference; lastKnownFileType = sourcecode.swift; path = Persistence.swift; sourceTree = "<group>"; };
		263175E8280558C200C13368 /* createTestData.swift */ = {isa = PBXFileReference; lastKnownFileType = sourcecode.swift; path = createTestData.swift; sourceTree = "<group>"; };
		2631760E2805647E00C13368 /* Answer+CoreDataClass.swift */ = {isa = PBXFileReference; lastKnownFileType = sourcecode.swift; path = "Answer+CoreDataClass.swift"; sourceTree = "<group>"; };
		2631760F2805647E00C13368 /* Answer+CoreDataProperties.swift */ = {isa = PBXFileReference; lastKnownFileType = sourcecode.swift; path = "Answer+CoreDataProperties.swift"; sourceTree = "<group>"; };
		26317612280564C300C13368 /* User+CoreDataClass.swift */ = {isa = PBXFileReference; lastKnownFileType = sourcecode.swift; path = "User+CoreDataClass.swift"; sourceTree = "<group>"; };
		26317613280564C300C13368 /* User+CoreDataProperties.swift */ = {isa = PBXFileReference; lastKnownFileType = sourcecode.swift; path = "User+CoreDataProperties.swift"; sourceTree = "<group>"; };
		26317614280564C300C13368 /* Category+CoreDataClass.swift */ = {isa = PBXFileReference; lastKnownFileType = sourcecode.swift; path = "Category+CoreDataClass.swift"; sourceTree = "<group>"; };
		26317615280564C300C13368 /* Category+CoreDataProperties.swift */ = {isa = PBXFileReference; lastKnownFileType = sourcecode.swift; path = "Category+CoreDataProperties.swift"; sourceTree = "<group>"; };
		26317616280564C300C13368 /* Question+CoreDataClass.swift */ = {isa = PBXFileReference; lastKnownFileType = sourcecode.swift; path = "Question+CoreDataClass.swift"; sourceTree = "<group>"; };
		26317617280564C300C13368 /* Question+CoreDataProperties.swift */ = {isa = PBXFileReference; lastKnownFileType = sourcecode.swift; path = "Question+CoreDataProperties.swift"; sourceTree = "<group>"; };
		26317618280564C300C13368 /* QuestionCategory+CoreDataClass.swift */ = {isa = PBXFileReference; lastKnownFileType = sourcecode.swift; path = "QuestionCategory+CoreDataClass.swift"; sourceTree = "<group>"; };
		26317619280564C300C13368 /* QuestionCategory+CoreDataProperties.swift */ = {isa = PBXFileReference; lastKnownFileType = sourcecode.swift; path = "QuestionCategory+CoreDataProperties.swift"; sourceTree = "<group>"; };
		2631761A280564C300C13368 /* Report+CoreDataClass.swift */ = {isa = PBXFileReference; lastKnownFileType = sourcecode.swift; path = "Report+CoreDataClass.swift"; sourceTree = "<group>"; };
		2631761B280564C300C13368 /* Report+CoreDataProperties.swift */ = {isa = PBXFileReference; lastKnownFileType = sourcecode.swift; path = "Report+CoreDataProperties.swift"; sourceTree = "<group>"; };
		2631761C280564C300C13368 /* Character+CoreDataClass.swift */ = {isa = PBXFileReference; lastKnownFileType = sourcecode.swift; path = "Character+CoreDataClass.swift"; sourceTree = "<group>"; };
		2631761D280564C300C13368 /* Character+CoreDataProperties.swift */ = {isa = PBXFileReference; lastKnownFileType = sourcecode.swift; path = "Character+CoreDataProperties.swift"; sourceTree = "<group>"; };
		2631761E280564C300C13368 /* UserCategory+CoreDataClass.swift */ = {isa = PBXFileReference; lastKnownFileType = sourcecode.swift; path = "UserCategory+CoreDataClass.swift"; sourceTree = "<group>"; };
		2631761F280564C300C13368 /* UserCategory+CoreDataProperties.swift */ = {isa = PBXFileReference; lastKnownFileType = sourcecode.swift; path = "UserCategory+CoreDataProperties.swift"; sourceTree = "<group>"; };
		26A1D6772802CA7C002373FB /* AnswerCardView.swift */ = {isa = PBXFileReference; lastKnownFileType = sourcecode.swift; path = AnswerCardView.swift; sourceTree = "<group>"; };
		26A1D6792802CB3C002373FB /* MyPageView.swift */ = {isa = PBXFileReference; lastKnownFileType = sourcecode.swift; path = MyPageView.swift; sourceTree = "<group>"; };
		26F56B4B27FBEC1B0066C0D1 /* mentortee.app */ = {isa = PBXFileReference; explicitFileType = wrapper.application; includeInIndex = 0; path = mentortee.app; sourceTree = BUILT_PRODUCTS_DIR; };
		26F56B4E27FBEC1B0066C0D1 /* mentorteeApp.swift */ = {isa = PBXFileReference; lastKnownFileType = sourcecode.swift; path = mentorteeApp.swift; sourceTree = "<group>"; };
		26F56B5027FBEC1B0066C0D1 /* ContentView.swift */ = {isa = PBXFileReference; lastKnownFileType = sourcecode.swift; path = ContentView.swift; sourceTree = "<group>"; };
		26F56B5227FBEC1E0066C0D1 /* Assets.xcassets */ = {isa = PBXFileReference; lastKnownFileType = folder.assetcatalog; path = Assets.xcassets; sourceTree = "<group>"; };
		26F56B5527FBEC1E0066C0D1 /* Preview Assets.xcassets */ = {isa = PBXFileReference; lastKnownFileType = folder.assetcatalog; path = "Preview Assets.xcassets"; sourceTree = "<group>"; };
		275EDE0627FE83CC002D1CA4 /* QuestionCardView.swift */ = {isa = PBXFileReference; lastKnownFileType = sourcecode.swift; path = QuestionCardView.swift; sourceTree = "<group>"; };
		388749662806B3E70005D616 /* MythoughtModalSheet.swift */ = {isa = PBXFileReference; lastKnownFileType = sourcecode.swift; path = MythoughtModalSheet.swift; sourceTree = "<group>"; };
		388809BA2832469800891435 /* CategoryBtnData.swift */ = {isa = PBXFileReference; lastKnownFileType = sourcecode.swift; path = CategoryBtnData.swift; sourceTree = "<group>"; };
		38AE0781281A7EE80035EB0C /* QuestionCard.swift */ = {isa = PBXFileReference; lastKnownFileType = sourcecode.swift; path = QuestionCard.swift; sourceTree = "<group>"; };
		38AE0783281A86D60035EB0C /* QuestionData.swift */ = {isa = PBXFileReference; lastKnownFileType = sourcecode.swift; path = QuestionData.swift; sourceTree = "<group>"; };
		390223DE2805241A008D9C64 /* SettingsView.swift */ = {isa = PBXFileReference; lastKnownFileType = sourcecode.swift; path = SettingsView.swift; sourceTree = "<group>"; };
		390469B3281BE00E0085BACA /* TextStyle.swift */ = {isa = PBXFileReference; lastKnownFileType = sourcecode.swift; path = TextStyle.swift; sourceTree = "<group>"; };
		3944F76828323A7900A9B02E /* IconName.swift */ = {isa = PBXFileReference; lastKnownFileType = sourcecode.swift; path = IconName.swift; sourceTree = "<group>"; };
		3944F76A28323F5300A9B02E /* Images.swift */ = {isa = PBXFileReference; lastKnownFileType = sourcecode.swift; path = Images.swift; sourceTree = "<group>"; };
		3944F76C28324A7F00A9B02E /* TextName.swift */ = {isa = PBXFileReference; lastKnownFileType = sourcecode.swift; path = TextName.swift; sourceTree = "<group>"; };
		394D104F28192A6C00CD538D /* CommentView.swift */ = {isa = PBXFileReference; lastKnownFileType = sourcecode.swift; path = CommentView.swift; sourceTree = "<group>"; };
		394D105228192B7E00CD538D /* AnswerData.swift */ = {isa = PBXFileReference; lastKnownFileType = sourcecode.swift; path = AnswerData.swift; sourceTree = "<group>"; };
		3958848A2834DEFC0006243B /* ViewStyle.swift */ = {isa = PBXFileReference; lastKnownFileType = sourcecode.swift; path = ViewStyle.swift; sourceTree = "<group>"; };
		3973A06427FD272F00CDC599 /* MainView.swift */ = {isa = PBXFileReference; lastKnownFileType = sourcecode.swift; path = MainView.swift; sourceTree = "<group>"; };
		399B32FA27FE73BE0005F887 /* ColorData.swift */ = {isa = PBXFileReference; lastKnownFileType = sourcecode.swift; path = ColorData.swift; sourceTree = "<group>"; };
		39B618D0282A8A6400678A00 /* CategoryData.swift */ = {isa = PBXFileReference; lastKnownFileType = sourcecode.swift; path = CategoryData.swift; sourceTree = "<group>"; };
		39BED12328338D5800DB08F2 /* DateHandler.swift */ = {isa = PBXFileReference; lastKnownFileType = sourcecode.swift; path = DateHandler.swift; sourceTree = "<group>"; };
		7B23C96527FD8D9A00EA7C2E /* QuestionCardDetailView.swift */ = {isa = PBXFileReference; lastKnownFileType = sourcecode.swift; path = QuestionCardDetailView.swift; sourceTree = "<group>"; };
		7B23C96727FD8E5D00EA7C2E /* QuestionAnswerCard.swift */ = {isa = PBXFileReference; lastKnownFileType = sourcecode.swift; path = QuestionAnswerCard.swift; sourceTree = "<group>"; };
		A752B59B280034BF00B41987 /* FeedView.swift */ = {isa = PBXFileReference; lastKnownFileType = sourcecode.swift; path = FeedView.swift; sourceTree = "<group>"; };
		A7D877D727FF2641001257EC /* AnswerModalSheet.swift */ = {isa = PBXFileReference; lastKnownFileType = sourcecode.swift; path = AnswerModalSheet.swift; sourceTree = "<group>"; };
		A7D877D927FF70F6001257EC /* KeyboardHandler.swift */ = {isa = PBXFileReference; lastKnownFileType = sourcecode.swift; path = KeyboardHandler.swift; sourceTree = "<group>"; };
		A952D08628051F210098DBE8 /* FavoriteCategoryView.swift */ = {isa = PBXFileReference; lastKnownFileType = sourcecode.swift; path = FavoriteCategoryView.swift; sourceTree = "<group>"; };
		A952D08828051F3D0098DBE8 /* LogInView.swift */ = {isa = PBXFileReference; lastKnownFileType = sourcecode.swift; path = LogInView.swift; sourceTree = "<group>"; };
		A952D08B280520400098DBE8 /* MakingNicknameView.swift */ = {isa = PBXFileReference; fileEncoding = 4; lastKnownFileType = sourcecode.swift; path = MakingNicknameView.swift; sourceTree = "<group>"; };
		A9CFEE5B27FF3AE300EBE12E /* QuestionMakingMain.swift */ = {isa = PBXFileReference; lastKnownFileType = sourcecode.swift; path = QuestionMakingMain.swift; sourceTree = "<group>"; };
		A9F7C50A27FE664000052F36 /* QuestionSub1.swift */ = {isa = PBXFileReference; lastKnownFileType = sourcecode.swift; path = QuestionSub1.swift; sourceTree = "<group>"; };
		A9F7C50C27FE665F00052F36 /* QuestionSub2.swift */ = {isa = PBXFileReference; lastKnownFileType = sourcecode.swift; path = QuestionSub2.swift; sourceTree = "<group>"; };
/* End PBXFileReference section */

/* Begin PBXFrameworksBuildPhase section */
		26F56B4827FBEC1B0066C0D1 /* Frameworks */ = {
			isa = PBXFrameworksBuildPhase;
			buildActionMask = 2147483647;
			files = (
			);
			runOnlyForDeploymentPostprocessing = 0;
		};
/* End PBXFrameworksBuildPhase section */

/* Begin PBXGroup section */
		263175C32805210900C13368 /* DataModel */ = {
			isa = PBXGroup;
			children = (
				26317612280564C300C13368 /* User+CoreDataClass.swift */,
				26317613280564C300C13368 /* User+CoreDataProperties.swift */,
				26317614280564C300C13368 /* Category+CoreDataClass.swift */,
				26317615280564C300C13368 /* Category+CoreDataProperties.swift */,
				26317616280564C300C13368 /* Question+CoreDataClass.swift */,
				26317617280564C300C13368 /* Question+CoreDataProperties.swift */,
				26317618280564C300C13368 /* QuestionCategory+CoreDataClass.swift */,
				26317619280564C300C13368 /* QuestionCategory+CoreDataProperties.swift */,
				2631761A280564C300C13368 /* Report+CoreDataClass.swift */,
				2631761B280564C300C13368 /* Report+CoreDataProperties.swift */,
				2631761C280564C300C13368 /* Character+CoreDataClass.swift */,
				2631761D280564C300C13368 /* Character+CoreDataProperties.swift */,
				2631761E280564C300C13368 /* UserCategory+CoreDataClass.swift */,
				2631761F280564C300C13368 /* UserCategory+CoreDataProperties.swift */,
				2631760E2805647E00C13368 /* Answer+CoreDataClass.swift */,
				2631760F2805647E00C13368 /* Answer+CoreDataProperties.swift */,
				263175C42805211900C13368 /* mentortee.xcdatamodeld */,
				263175E8280558C200C13368 /* createTestData.swift */,
			);
			path = DataModel;
			sourceTree = "<group>";
		};
		26F56B4227FBEC1B0066C0D1 = {
			isa = PBXGroup;
			children = (
				26F56B4D27FBEC1B0066C0D1 /* mentortee */,
				26F56B4C27FBEC1B0066C0D1 /* Products */,
			);
			sourceTree = "<group>";
		};
		26F56B4C27FBEC1B0066C0D1 /* Products */ = {
			isa = PBXGroup;
			children = (
				26F56B4B27FBEC1B0066C0D1 /* mentortee.app */,
			);
			name = Products;
			sourceTree = "<group>";
		};
		26F56B4D27FBEC1B0066C0D1 /* mentortee */ = {
			isa = PBXGroup;
			children = (
				39B618D2282A967F00678A00 /* System */,
				3944F76728323A5200A9B02E /* Resource */,
				39B618D3282A977B00678A00 /* Helper */,
				39B618CF282A8A4400678A00 /* Datas */,
				3973A05F27FD26CE00CDC599 /* Views */,
				263175E62805230000C13368 /* Persistence.swift */,
				26F56B5027FBEC1B0066C0D1 /* ContentView.swift */,
				26F56B5227FBEC1E0066C0D1 /* Assets.xcassets */,
				26F56B5427FBEC1E0066C0D1 /* Preview Content */,
				263175C32805210900C13368 /* DataModel */,
			);
			path = mentortee;
			sourceTree = "<group>";
		};
		26F56B5427FBEC1E0066C0D1 /* Preview Content */ = {
			isa = PBXGroup;
			children = (
				26F56B5527FBEC1E0066C0D1 /* Preview Assets.xcassets */,
			);
			path = "Preview Content";
			sourceTree = "<group>";
		};
		3944F76728323A5200A9B02E /* Resource */ = {
			isa = PBXGroup;
			children = (
				399B32FA27FE73BE0005F887 /* ColorData.swift */,
				3944F76828323A7900A9B02E /* IconName.swift */,
				3944F76A28323F5300A9B02E /* Images.swift */,
				3944F76C28324A7F00A9B02E /* TextName.swift */,
			);
			path = Resource;
			sourceTree = "<group>";
		};
		394D105128192AE700CD538D /* Answer */ = {
			isa = PBXGroup;
			children = (
				2608E43627FD39500063E059 /* AnswerDetailView.swift */,
				394D104F28192A6C00CD538D /* CommentView.swift */,
			);
			path = Answer;
			sourceTree = "<group>";
		};
		3973A05F27FD26CE00CDC599 /* Views */ = {
			isa = PBXGroup;
			children = (
				3973A06027FD26D400CDC599 /* MainView */,
				3973A06127FD26DD00CDC599 /* FeedView */,
				3973A06227FD26EA00CDC599 /* QnAView */,
				3973A06327FD26F200CDC599 /* MyPageView */,
				A952D08A28051FD00098DBE8 /* LogInView */,
			);
			path = Views;
			sourceTree = "<group>";
		};
		3973A06027FD26D400CDC599 /* MainView */ = {
			isa = PBXGroup;
			children = (
				3973A06427FD272F00CDC599 /* MainView.swift */,
			);
			path = MainView;
			sourceTree = "<group>";
		};
		3973A06127FD26DD00CDC599 /* FeedView */ = {
			isa = PBXGroup;
			children = (
				394D105128192AE700CD538D /* Answer */,
				A752B59B280034BF00B41987 /* FeedView.swift */,
				38AE0781281A7EE80035EB0C /* QuestionCard.swift */,
				7B23C96527FD8D9A00EA7C2E /* QuestionCardDetailView.swift */,
				7B23C96727FD8E5D00EA7C2E /* QuestionAnswerCard.swift */,
				A7D877D727FF2641001257EC /* AnswerModalSheet.swift */,
			);
			path = FeedView;
			sourceTree = "<group>";
		};
		3973A06227FD26EA00CDC599 /* QnAView */ = {
			isa = PBXGroup;
			children = (
				A9CFEE5B27FF3AE300EBE12E /* QuestionMakingMain.swift */,
				A9F7C50A27FE664000052F36 /* QuestionSub1.swift */,
				A9F7C50C27FE665F00052F36 /* QuestionSub2.swift */,
			);
			path = QnAView;
			sourceTree = "<group>";
		};
		3973A06327FD26F200CDC599 /* MyPageView */ = {
			isa = PBXGroup;
			children = (
				26A1D6792802CB3C002373FB /* MyPageView.swift */,
				26A1D6772802CA7C002373FB /* AnswerCardView.swift */,
				275EDE0627FE83CC002D1CA4 /* QuestionCardView.swift */,
				388749662806B3E70005D616 /* MythoughtModalSheet.swift */,
				390223DE2805241A008D9C64 /* SettingsView.swift */,
			);
			path = MyPageView;
			sourceTree = "<group>";
		};
		39B618CF282A8A4400678A00 /* Datas */ = {
			isa = PBXGroup;
			children = (
				38AE0783281A86D60035EB0C /* QuestionData.swift */,
				394D105228192B7E00CD538D /* AnswerData.swift */,
				39B618D0282A8A6400678A00 /* CategoryData.swift */,
				388809BA2832469800891435 /* CategoryBtnData.swift */,
			);
			path = Datas;
			sourceTree = "<group>";
		};
		39B618D2282A967F00678A00 /* System */ = {
			isa = PBXGroup;
			children = (
				26F56B4E27FBEC1B0066C0D1 /* mentorteeApp.swift */,
			);
			path = System;
			sourceTree = "<group>";
		};
		39B618D3282A977B00678A00 /* Helper */ = {
			isa = PBXGroup;
			children = (
				390469B3281BE00E0085BACA /* TextStyle.swift */,
				3958848A2834DEFC0006243B /* ViewStyle.swift */,
				A7D877D927FF70F6001257EC /* KeyboardHandler.swift */,
				39BED12328338D5800DB08F2 /* DateHandler.swift */,
			);
			path = Helper;
			sourceTree = "<group>";
		};
		A952D08A28051FD00098DBE8 /* LogInView */ = {
			isa = PBXGroup;
			children = (
				A952D08628051F210098DBE8 /* FavoriteCategoryView.swift */,
				A952D08828051F3D0098DBE8 /* LogInView.swift */,
				A952D08B280520400098DBE8 /* MakingNicknameView.swift */,
			);
			path = LogInView;
			sourceTree = "<group>";
		};
/* End PBXGroup section */

/* Begin PBXNativeTarget section */
		26F56B4A27FBEC1B0066C0D1 /* mentortee */ = {
			isa = PBXNativeTarget;
			buildConfigurationList = 26F56B5927FBEC1E0066C0D1 /* Build configuration list for PBXNativeTarget "mentortee" */;
			buildPhases = (
				26F56B4727FBEC1B0066C0D1 /* Sources */,
				26F56B4827FBEC1B0066C0D1 /* Frameworks */,
				26F56B4927FBEC1B0066C0D1 /* Resources */,
			);
			buildRules = (
			);
			dependencies = (
			);
			name = mentortee;
			productName = mentortee;
			productReference = 26F56B4B27FBEC1B0066C0D1 /* mentortee.app */;
			productType = "com.apple.product-type.application";
		};
/* End PBXNativeTarget section */

/* Begin PBXProject section */
		26F56B4327FBEC1B0066C0D1 /* Project object */ = {
			isa = PBXProject;
			attributes = {
				BuildIndependentTargetsInParallel = 1;
				LastSwiftUpdateCheck = 1330;
				LastUpgradeCheck = 1330;
				TargetAttributes = {
					26F56B4A27FBEC1B0066C0D1 = {
						CreatedOnToolsVersion = 13.3;
					};
				};
			};
			buildConfigurationList = 26F56B4627FBEC1B0066C0D1 /* Build configuration list for PBXProject "mentortee" */;
			compatibilityVersion = "Xcode 13.0";
			developmentRegion = en;
			hasScannedForEncodings = 0;
			knownRegions = (
				en,
				Base,
			);
			mainGroup = 26F56B4227FBEC1B0066C0D1;
			productRefGroup = 26F56B4C27FBEC1B0066C0D1 /* Products */;
			projectDirPath = "";
			projectRoot = "";
			targets = (
				26F56B4A27FBEC1B0066C0D1 /* mentortee */,
			);
		};
/* End PBXProject section */

/* Begin PBXResourcesBuildPhase section */
		26F56B4927FBEC1B0066C0D1 /* Resources */ = {
			isa = PBXResourcesBuildPhase;
			buildActionMask = 2147483647;
			files = (
				26F56B5627FBEC1E0066C0D1 /* Preview Assets.xcassets in Resources */,
				26F56B5327FBEC1E0066C0D1 /* Assets.xcassets in Resources */,
			);
			runOnlyForDeploymentPostprocessing = 0;
		};
/* End PBXResourcesBuildPhase section */

/* Begin PBXSourcesBuildPhase section */
		26F56B4727FBEC1B0066C0D1 /* Sources */ = {
			isa = PBXSourcesBuildPhase;
			buildActionMask = 2147483647;
			files = (
				3958848B2834DEFC0006243B /* ViewStyle.swift in Sources */,
				7B23C96827FD8E5D00EA7C2E /* QuestionAnswerCard.swift in Sources */,
				A9CFEE5C27FF3AE300EBE12E /* QuestionMakingMain.swift in Sources */,
				390469B4281BE00E0085BACA /* TextStyle.swift in Sources */,
				3944F76D28324A7F00A9B02E /* TextName.swift in Sources */,
				26317623280564C300C13368 /* Category+CoreDataProperties.swift in Sources */,
				39B618D1282A8A6400678A00 /* CategoryData.swift in Sources */,
				263176102805647E00C13368 /* Answer+CoreDataClass.swift in Sources */,
				26317628280564C300C13368 /* Report+CoreDataClass.swift in Sources */,
				7B23C96627FD8D9A00EA7C2E /* QuestionCardDetailView.swift in Sources */,
				2631762B280564C300C13368 /* Character+CoreDataProperties.swift in Sources */,
				26317620280564C300C13368 /* User+CoreDataClass.swift in Sources */,
				2631762A280564C300C13368 /* Character+CoreDataClass.swift in Sources */,
				263175E72805230000C13368 /* Persistence.swift in Sources */,
				399B32FB27FE73BE0005F887 /* ColorData.swift in Sources */,
				A9F7C50B27FE664000052F36 /* QuestionSub1.swift in Sources */,
				263175E9280558C200C13368 /* createTestData.swift in Sources */,
				A9F7C50D27FE665F00052F36 /* QuestionSub2.swift in Sources */,
				2631762C280564C300C13368 /* UserCategory+CoreDataClass.swift in Sources */,
				38AE0784281A86D60035EB0C /* QuestionData.swift in Sources */,
				39BED12428338D5800DB08F2 /* DateHandler.swift in Sources */,
				A7D877D827FF2641001257EC /* AnswerModalSheet.swift in Sources */,
				26317622280564C300C13368 /* Category+CoreDataClass.swift in Sources */,
				3944F76928323A7900A9B02E /* IconName.swift in Sources */,
				A952D08928051F3D0098DBE8 /* LogInView.swift in Sources */,
				388809BB2832469800891435 /* CategoryBtnData.swift in Sources */,
				A7D877DA27FF70F6001257EC /* KeyboardHandler.swift in Sources */,
				388749672806B3E70005D616 /* MythoughtModalSheet.swift in Sources */,
				26317625280564C300C13368 /* Question+CoreDataProperties.swift in Sources */,
				A752B59C280034BF00B41987 /* FeedView.swift in Sources */,
				3973A06527FD272F00CDC599 /* MainView.swift in Sources */,
				2608E43727FD39500063E059 /* AnswerDetailView.swift in Sources */,
				26317624280564C300C13368 /* Question+CoreDataClass.swift in Sources */,
				26F56B5127FBEC1B0066C0D1 /* ContentView.swift in Sources */,
				263176112805647E00C13368 /* Answer+CoreDataProperties.swift in Sources */,
				26317626280564C300C13368 /* QuestionCategory+CoreDataClass.swift in Sources */,
				38AE0782281A7EE80035EB0C /* QuestionCard.swift in Sources */,
				26A1D67A2802CB3C002373FB /* MyPageView.swift in Sources */,
				A952D08728051F210098DBE8 /* FavoriteCategoryView.swift in Sources */,
				3944F76B28323F5300A9B02E /* Images.swift in Sources */,
				26F56B4F27FBEC1B0066C0D1 /* mentorteeApp.swift in Sources */,
				394D105028192A6C00CD538D /* CommentView.swift in Sources */,
				394D105328192B7E00CD538D /* AnswerData.swift in Sources */,
				26317621280564C300C13368 /* User+CoreDataProperties.swift in Sources */,
				A952D08C280520400098DBE8 /* MakingNicknameView.swift in Sources */,
				26317629280564C300C13368 /* Report+CoreDataProperties.swift in Sources */,
				263175C62805211900C13368 /* mentortee.xcdatamodeld in Sources */,
				26A1D6782802CA7C002373FB /* AnswerCardView.swift in Sources */,
				2631762D280564C300C13368 /* UserCategory+CoreDataProperties.swift in Sources */,
				26317627280564C300C13368 /* QuestionCategory+CoreDataProperties.swift in Sources */,
				275EDE0727FE83CC002D1CA4 /* QuestionCardView.swift in Sources */,
				390223DF2805241A008D9C64 /* SettingsView.swift in Sources */,
			);
			runOnlyForDeploymentPostprocessing = 0;
		};
/* End PBXSourcesBuildPhase section */

/* Begin XCBuildConfiguration section */
		26F56B5727FBEC1E0066C0D1 /* Debug */ = {
			isa = XCBuildConfiguration;
			buildSettings = {
				ALWAYS_SEARCH_USER_PATHS = NO;
				CLANG_ANALYZER_NONNULL = YES;
				CLANG_ANALYZER_NUMBER_OBJECT_CONVERSION = YES_AGGRESSIVE;
				CLANG_CXX_LANGUAGE_STANDARD = "gnu++17";
				CLANG_ENABLE_MODULES = YES;
				CLANG_ENABLE_OBJC_ARC = YES;
				CLANG_ENABLE_OBJC_WEAK = YES;
				CLANG_WARN_BLOCK_CAPTURE_AUTORELEASING = YES;
				CLANG_WARN_BOOL_CONVERSION = YES;
				CLANG_WARN_COMMA = YES;
				CLANG_WARN_CONSTANT_CONVERSION = YES;
				CLANG_WARN_DEPRECATED_OBJC_IMPLEMENTATIONS = YES;
				CLANG_WARN_DIRECT_OBJC_ISA_USAGE = YES_ERROR;
				CLANG_WARN_DOCUMENTATION_COMMENTS = YES;
				CLANG_WARN_EMPTY_BODY = YES;
				CLANG_WARN_ENUM_CONVERSION = YES;
				CLANG_WARN_INFINITE_RECURSION = YES;
				CLANG_WARN_INT_CONVERSION = YES;
				CLANG_WARN_NON_LITERAL_NULL_CONVERSION = YES;
				CLANG_WARN_OBJC_IMPLICIT_RETAIN_SELF = YES;
				CLANG_WARN_OBJC_LITERAL_CONVERSION = YES;
				CLANG_WARN_OBJC_ROOT_CLASS = YES_ERROR;
				CLANG_WARN_QUOTED_INCLUDE_IN_FRAMEWORK_HEADER = YES;
				CLANG_WARN_RANGE_LOOP_ANALYSIS = YES;
				CLANG_WARN_STRICT_PROTOTYPES = YES;
				CLANG_WARN_SUSPICIOUS_MOVE = YES;
				CLANG_WARN_UNGUARDED_AVAILABILITY = YES_AGGRESSIVE;
				CLANG_WARN_UNREACHABLE_CODE = YES;
				CLANG_WARN__DUPLICATE_METHOD_MATCH = YES;
				COPY_PHASE_STRIP = NO;
				DEBUG_INFORMATION_FORMAT = dwarf;
				ENABLE_STRICT_OBJC_MSGSEND = YES;
				ENABLE_TESTABILITY = YES;
				GCC_C_LANGUAGE_STANDARD = gnu11;
				GCC_DYNAMIC_NO_PIC = NO;
				GCC_NO_COMMON_BLOCKS = YES;
				GCC_OPTIMIZATION_LEVEL = 0;
				GCC_PREPROCESSOR_DEFINITIONS = (
					"DEBUG=1",
					"$(inherited)",
				);
				GCC_WARN_64_TO_32_BIT_CONVERSION = YES;
				GCC_WARN_ABOUT_RETURN_TYPE = YES_ERROR;
				GCC_WARN_UNDECLARED_SELECTOR = YES;
				GCC_WARN_UNINITIALIZED_AUTOS = YES_AGGRESSIVE;
				GCC_WARN_UNUSED_FUNCTION = YES;
				GCC_WARN_UNUSED_VARIABLE = YES;
				IPHONEOS_DEPLOYMENT_TARGET = 15.4;
				MTL_ENABLE_DEBUG_INFO = INCLUDE_SOURCE;
				MTL_FAST_MATH = YES;
				ONLY_ACTIVE_ARCH = YES;
				SDKROOT = iphoneos;
				SWIFT_ACTIVE_COMPILATION_CONDITIONS = DEBUG;
				SWIFT_OPTIMIZATION_LEVEL = "-Onone";
			};
			name = Debug;
		};
		26F56B5827FBEC1E0066C0D1 /* Release */ = {
			isa = XCBuildConfiguration;
			buildSettings = {
				ALWAYS_SEARCH_USER_PATHS = NO;
				CLANG_ANALYZER_NONNULL = YES;
				CLANG_ANALYZER_NUMBER_OBJECT_CONVERSION = YES_AGGRESSIVE;
				CLANG_CXX_LANGUAGE_STANDARD = "gnu++17";
				CLANG_ENABLE_MODULES = YES;
				CLANG_ENABLE_OBJC_ARC = YES;
				CLANG_ENABLE_OBJC_WEAK = YES;
				CLANG_WARN_BLOCK_CAPTURE_AUTORELEASING = YES;
				CLANG_WARN_BOOL_CONVERSION = YES;
				CLANG_WARN_COMMA = YES;
				CLANG_WARN_CONSTANT_CONVERSION = YES;
				CLANG_WARN_DEPRECATED_OBJC_IMPLEMENTATIONS = YES;
				CLANG_WARN_DIRECT_OBJC_ISA_USAGE = YES_ERROR;
				CLANG_WARN_DOCUMENTATION_COMMENTS = YES;
				CLANG_WARN_EMPTY_BODY = YES;
				CLANG_WARN_ENUM_CONVERSION = YES;
				CLANG_WARN_INFINITE_RECURSION = YES;
				CLANG_WARN_INT_CONVERSION = YES;
				CLANG_WARN_NON_LITERAL_NULL_CONVERSION = YES;
				CLANG_WARN_OBJC_IMPLICIT_RETAIN_SELF = YES;
				CLANG_WARN_OBJC_LITERAL_CONVERSION = YES;
				CLANG_WARN_OBJC_ROOT_CLASS = YES_ERROR;
				CLANG_WARN_QUOTED_INCLUDE_IN_FRAMEWORK_HEADER = YES;
				CLANG_WARN_RANGE_LOOP_ANALYSIS = YES;
				CLANG_WARN_STRICT_PROTOTYPES = YES;
				CLANG_WARN_SUSPICIOUS_MOVE = YES;
				CLANG_WARN_UNGUARDED_AVAILABILITY = YES_AGGRESSIVE;
				CLANG_WARN_UNREACHABLE_CODE = YES;
				CLANG_WARN__DUPLICATE_METHOD_MATCH = YES;
				COPY_PHASE_STRIP = NO;
				DEBUG_INFORMATION_FORMAT = "dwarf-with-dsym";
				ENABLE_NS_ASSERTIONS = NO;
				ENABLE_STRICT_OBJC_MSGSEND = YES;
				GCC_C_LANGUAGE_STANDARD = gnu11;
				GCC_NO_COMMON_BLOCKS = YES;
				GCC_WARN_64_TO_32_BIT_CONVERSION = YES;
				GCC_WARN_ABOUT_RETURN_TYPE = YES_ERROR;
				GCC_WARN_UNDECLARED_SELECTOR = YES;
				GCC_WARN_UNINITIALIZED_AUTOS = YES_AGGRESSIVE;
				GCC_WARN_UNUSED_FUNCTION = YES;
				GCC_WARN_UNUSED_VARIABLE = YES;
				IPHONEOS_DEPLOYMENT_TARGET = 15.4;
				MTL_ENABLE_DEBUG_INFO = NO;
				MTL_FAST_MATH = YES;
				SDKROOT = iphoneos;
				SWIFT_COMPILATION_MODE = wholemodule;
				SWIFT_OPTIMIZATION_LEVEL = "-O";
				VALIDATE_PRODUCT = YES;
			};
			name = Release;
		};
		26F56B5A27FBEC1E0066C0D1 /* Debug */ = {
			isa = XCBuildConfiguration;
			buildSettings = {
				ASSETCATALOG_COMPILER_APPICON_NAME = AppIcon;
				ASSETCATALOG_COMPILER_GLOBAL_ACCENT_COLOR_NAME = AccentColor;
				CODE_SIGN_STYLE = Automatic;
				CURRENT_PROJECT_VERSION = 1;
				DEVELOPMENT_ASSET_PATHS = "\"mentortee/Preview Content\"";
				DEVELOPMENT_TEAM = HF8GHZB58X;
				ENABLE_PREVIEWS = YES;
				GENERATE_INFOPLIST_FILE = YES;
				INFOPLIST_KEY_UIApplicationSceneManifest_Generation = YES;
				INFOPLIST_KEY_UIApplicationSupportsIndirectInputEvents = YES;
				INFOPLIST_KEY_UILaunchScreen_Generation = YES;
				INFOPLIST_KEY_UISupportedInterfaceOrientations_iPad = "UIInterfaceOrientationPortrait UIInterfaceOrientationPortraitUpsideDown UIInterfaceOrientationLandscapeLeft UIInterfaceOrientationLandscapeRight";
				INFOPLIST_KEY_UISupportedInterfaceOrientations_iPhone = "UIInterfaceOrientationPortrait UIInterfaceOrientationLandscapeLeft UIInterfaceOrientationLandscapeRight";
				INFOPLIST_KEY_UIUserInterfaceStyle = Light;
				LD_RUNPATH_SEARCH_PATHS = (
					"$(inherited)",
					"@executable_path/Frameworks",
				);
				MARKETING_VERSION = 1.0;
				PRODUCT_BUNDLE_IDENTIFIER = "pw.k-r.mentortee.mentortee";
				PRODUCT_NAME = "$(TARGET_NAME)";
				SWIFT_EMIT_LOC_STRINGS = YES;
				SWIFT_VERSION = 5.0;
				TARGETED_DEVICE_FAMILY = "1,2";
			};
			name = Debug;
		};
		26F56B5B27FBEC1E0066C0D1 /* Release */ = {
			isa = XCBuildConfiguration;
			buildSettings = {
				ASSETCATALOG_COMPILER_APPICON_NAME = AppIcon;
				ASSETCATALOG_COMPILER_GLOBAL_ACCENT_COLOR_NAME = AccentColor;
				CODE_SIGN_STYLE = Automatic;
				CURRENT_PROJECT_VERSION = 1;
				DEVELOPMENT_ASSET_PATHS = "\"mentortee/Preview Content\"";
				DEVELOPMENT_TEAM = HF8GHZB58X;
				ENABLE_PREVIEWS = YES;
				GENERATE_INFOPLIST_FILE = YES;
				INFOPLIST_KEY_UIApplicationSceneManifest_Generation = YES;
				INFOPLIST_KEY_UIApplicationSupportsIndirectInputEvents = YES;
				INFOPLIST_KEY_UILaunchScreen_Generation = YES;
				INFOPLIST_KEY_UISupportedInterfaceOrientations_iPad = "UIInterfaceOrientationPortrait UIInterfaceOrientationPortraitUpsideDown UIInterfaceOrientationLandscapeLeft UIInterfaceOrientationLandscapeRight";
				INFOPLIST_KEY_UISupportedInterfaceOrientations_iPhone = "UIInterfaceOrientationPortrait UIInterfaceOrientationLandscapeLeft UIInterfaceOrientationLandscapeRight";
				INFOPLIST_KEY_UIUserInterfaceStyle = Light;
				LD_RUNPATH_SEARCH_PATHS = (
					"$(inherited)",
					"@executable_path/Frameworks",
				);
				MARKETING_VERSION = 1.0;
				PRODUCT_BUNDLE_IDENTIFIER = "pw.k-r.mentortee.mentortee";
				PRODUCT_NAME = "$(TARGET_NAME)";
				SWIFT_EMIT_LOC_STRINGS = YES;
				SWIFT_VERSION = 5.0;
				TARGETED_DEVICE_FAMILY = "1,2";
			};
			name = Release;
		};
/* End XCBuildConfiguration section */

/* Begin XCConfigurationList section */
		26F56B4627FBEC1B0066C0D1 /* Build configuration list for PBXProject "mentortee" */ = {
			isa = XCConfigurationList;
			buildConfigurations = (
				26F56B5727FBEC1E0066C0D1 /* Debug */,
				26F56B5827FBEC1E0066C0D1 /* Release */,
			);
			defaultConfigurationIsVisible = 0;
			defaultConfigurationName = Release;
		};
		26F56B5927FBEC1E0066C0D1 /* Build configuration list for PBXNativeTarget "mentortee" */ = {
			isa = XCConfigurationList;
			buildConfigurations = (
				26F56B5A27FBEC1E0066C0D1 /* Debug */,
				26F56B5B27FBEC1E0066C0D1 /* Release */,
			);
			defaultConfigurationIsVisible = 0;
			defaultConfigurationName = Release;
		};
/* End XCConfigurationList section */

/* Begin XCVersionGroup section */
		263175C42805211900C13368 /* mentortee.xcdatamodeld */ = {
			isa = XCVersionGroup;
			children = (
				263175C52805211900C13368 /* Test.xcdatamodel */,
			);
			currentVersion = 263175C52805211900C13368 /* Test.xcdatamodel */;
			path = mentortee.xcdatamodeld;
			sourceTree = "<group>";
			versionGroupType = wrapper.xcdatamodel;
		};
/* End XCVersionGroup section */
	};
	rootObject = 26F56B4327FBEC1B0066C0D1 /* Project object */;
}
